schema: '2.0'
stages:
  preprocess:
    cmd: python3 src/preprocess.py
    deps:
    - path: conf
      hash: md5
      md5: 5a924dc319147825edecdead07f5203a.dir
      size: 974
      nfiles: 3
    - path: data/raw
      hash: md5
      md5: c03179d4b0927faabe8daaae5a1c6e5f.dir
      size: 89884639
      nfiles: 3
    - path: src/preprocess.py
      hash: md5
      md5: 09f5cf8298f468ac6f337a4f23db73d0
      size: 4234
    - path: src/utils.py
      hash: md5
      md5: ed406cc4be60bd7a4ba2719d402dead1
      size: 2043
    outs:
    - path: artifacts/preprocessor
      hash: md5
      md5: 284f32a2512bb2ea1008ef73dbe51cfb.dir
      size: 7884
      nfiles: 1
    - path: data/processed
      hash: md5
      md5: dfa8a0a1af6425d5a7dc820d9fd62ad5.dir
      size: 205806893
      nfiles: 1
  split:
    cmd: python3 src/split.py
    deps:
    - path: conf
      hash: md5
      md5: 5a924dc319147825edecdead07f5203a.dir
      size: 974
      nfiles: 3
    - path: data/processed
      hash: md5
      md5: dfa8a0a1af6425d5a7dc820d9fd62ad5.dir
      size: 205806893
      nfiles: 1
    - path: src/split.py
      hash: md5
      md5: 8af87e2d51180ea3a44af1351240ce90
      size: 1817
    outs:
    - path: data/split
      hash: md5
      md5: b031c8eaa297937d1e7cf091ff76b7e4.dir
      size: 204011348
      nfiles: 2
  train_and_evaluate:
    cmd: python3 src/train_and_evaluate.py
    deps:
    - path: conf
      hash: md5
      md5: 5a924dc319147825edecdead07f5203a.dir
      size: 974
      nfiles: 3
    - path: data/split
      hash: md5
      md5: b031c8eaa297937d1e7cf091ff76b7e4.dir
      size: 204011348
      nfiles: 2
    - path: src/train_and_evaluate.py
      hash: md5
      md5: 14afc9005dc2f14a24b9fcfbda88ff91
      size: 3075
    outs:
    - path: artifacts/metrics/metrics.json
      hash: md5
      md5: a6ffbc49b53132421930ced5513cd2ef
      size: 105
    - path: artifacts/model/model.joblib
      hash: md5
      md5: d8c2e0629c4420b6346375facf96bce6
      size: 630620
